
Microsoft Visual Studio Solution File, Format Version 12.00
# Visual Studio 2013
VisualStudioVersion = 12.0.30723.0
MinimumVisualStudioVersion = 10.0.40219.1
Project("{2150E333-8FDC-42A3-9474-1A3956D46DE8}") = "Modules", "Modules", "{D64FED88-8FF5-46A5-B8E9-31D132A099D6}"
EndProject
Project("{2150E333-8FDC-42A3-9474-1A3956D46DE8}") = "Website", "Website", "{77C0EB4D-486D-48EC-9EB9-8554E7E79008}"
EndProject
Project("{FAE04EC0-301F-11D3-BF4B-00C04F79EFBC}") = "CloudPanel.ActiveDirectory", "CloudPanel.ActiveDirectory\CloudPanel.ActiveDirectory.csproj", "{4805B81D-C2A2-44BF-BAD9-FFB8D27A068D}"
EndProject
Project("{FAE04EC0-301F-11D3-BF4B-00C04F79EFBC}") = "CloudPanel.Rollback", "CloudPanel.Rollback\CloudPanel.Rollback.csproj", "{AF34D7D3-FF49-4C73-ACC0-DE631B4FA390}"
EndProject
Project("{FAE04EC0-301F-11D3-BF4B-00C04F79EFBC}") = "CloudPanel.Base", "CloudPanel.Base\CloudPanel.Base.csproj", "{5C2B5FC4-0814-47C0-B371-0BC299E433E0}"
EndProject
Project("{FAE04EC0-301F-11D3-BF4B-00C04F79EFBC}") = "CloudPanel.Database.EntityFramework", "CloudPanel.Database.EntityFramework\CloudPanel.Database.EntityFramework.csproj", "{6144303A-7153-4938-8AB5-02BB0CF8F2A4}"
EndProject
Project("{FAE04EC0-301F-11D3-BF4B-00C04F79EFBC}") = "CloudPanel.Exchange", "CloudPanel.Exchange\CloudPanel.Exchange.csproj", "{51C6EC47-98AB-49D1-B4CB-B48665D1725E}"
EndProject
Project("{FAE04EC0-301F-11D3-BF4B-00C04F79EFBC}") = "CloudPanel", "CloudPanel\CloudPanel.csproj", "{B4F9C525-5C56-440E-B4C2-972A33D7C8CD}"
EndProject
Project("{2150E333-8FDC-42A3-9474-1A3956D46DE8}") = "Demos", "Demos", "{62145FBD-8A8B-4EBE-A063-FC1CBA5847B0}"
EndProject
Project("{FAE04EC0-301F-11D3-BF4B-00C04F79EFBC}") = "CloudPanel.Demo.Api.Client", "CloudPanel.Demo.Api.Client\CloudPanel.Demo.Api.Client.csproj", "{2715D6F7-4CC5-4C96-A312-80F439E6C252}"
EndProject
Global
	GlobalSection(SolutionConfigurationPlatforms) = preSolution
		Debug|Any CPU = Debug|Any CPU
		Release|Any CPU = Release|Any CPU
	EndGlobalSection
	GlobalSection(ProjectConfigurationPlatforms) = postSolution
		{4805B81D-C2A2-44BF-BAD9-FFB8D27A068D}.Debug|Any CPU.ActiveCfg = Debug|Any CPU
		{4805B81D-C2A2-44BF-BAD9-FFB8D27A068D}.Debug|Any CPU.Build.0 = Debug|Any CPU
		{4805B81D-C2A2-44BF-BAD9-FFB8D27A068D}.Release|Any CPU.ActiveCfg = Release|Any CPU
		{4805B81D-C2A2-44BF-BAD9-FFB8D27A068D}.Release|Any CPU.Build.0 = Release|Any CPU
		{AF34D7D3-FF49-4C73-ACC0-DE631B4FA390}.Debug|Any CPU.ActiveCfg = Debug|Any CPU
		{AF34D7D3-FF49-4C73-ACC0-DE631B4FA390}.Debug|Any CPU.Build.0 = Debug|Any CPU
		{AF34D7D3-FF49-4C73-ACC0-DE631B4FA390}.Release|Any CPU.ActiveCfg = Release|Any CPU
		{AF34D7D3-FF49-4C73-ACC0-DE631B4FA390}.Release|Any CPU.Build.0 = Release|Any CPU
		{5C2B5FC4-0814-47C0-B371-0BC299E433E0}.Debug|Any CPU.ActiveCfg = Debug|Any CPU
		{5C2B5FC4-0814-47C0-B371-0BC299E433E0}.Debug|Any CPU.Build.0 = Debug|Any CPU
		{5C2B5FC4-0814-47C0-B371-0BC299E433E0}.Release|Any CPU.ActiveCfg = Release|Any CPU
		{5C2B5FC4-0814-47C0-B371-0BC299E433E0}.Release|Any CPU.Build.0 = Release|Any CPU
		{6144303A-7153-4938-8AB5-02BB0CF8F2A4}.Debug|Any CPU.ActiveCfg = Debug|Any CPU
		{6144303A-7153-4938-8AB5-02BB0CF8F2A4}.Debug|Any CPU.Build.0 = Debug|Any CPU
		{6144303A-7153-4938-8AB5-02BB0CF8F2A4}.Release|Any CPU.ActiveCfg = Release|Any CPU
		{6144303A-7153-4938-8AB5-02BB0CF8F2A4}.Release|Any CPU.Build.0 = Release|Any CPU
		{51C6EC47-98AB-49D1-B4CB-B48665D1725E}.Debug|Any CPU.ActiveCfg = Debug|Any CPU
		{51C6EC47-98AB-49D1-B4CB-B48665D1725E}.Debug|Any CPU.Build.0 = Debug|Any CPU
		{51C6EC47-98AB-49D1-B4CB-B48665D1725E}.Release|Any CPU.ActiveCfg = Release|Any CPU
		{51C6EC47-98AB-49D1-B4CB-B48665D1725E}.Release|Any CPU.Build.0 = Release|Any CPU
		{B4F9C525-5C56-440E-B4C2-972A33D7C8CD}.Debug|Any CPU.ActiveCfg = Debug|Any CPU
		{B4F9C525-5C56-440E-B4C2-972A33D7C8CD}.Debug|Any CPU.Build.0 = Debug|Any CPU
		{B4F9C525-5C56-440E-B4C2-972A33D7C8CD}.Release|Any CPU.ActiveCfg = Release|Any CPU
		{B4F9C525-5C56-440E-B4C2-972A33D7C8CD}.Release|Any CPU.Build.0 = Release|Any CPU
		{2715D6F7-4CC5-4C96-A312-80F439E6C252}.Debug|Any CPU.ActiveCfg = Debug|Any CPU
		{2715D6F7-4CC5-4C96-A312-80F439E6C252}.Debug|Any CPU.Build.0 = Debug|Any CPU
		{2715D6F7-4CC5-4C96-A312-80F439E6C252}.Release|Any CPU.ActiveCfg = Release|Any CPU
		{2715D6F7-4CC5-4C96-A312-80F439E6C252}.Release|Any CPU.Build.0 = Release|Any CPU
	EndGlobalSection
	GlobalSection(SolutionProperties) = preSolution
		HideSolutionNode = FALSE
	EndGlobalSection
	GlobalSection(NestedProjects) = preSolution
		{4805B81D-C2A2-44BF-BAD9-FFB8D27A068D} = {D64FED88-8FF5-46A5-B8E9-31D132A099D6}
		{AF34D7D3-FF49-4C73-ACC0-DE631B4FA390} = {D64FED88-8FF5-46A5-B8E9-31D132A099D6}
		{5C2B5FC4-0814-47C0-B371-0BC299E433E0} = {D64FED88-8FF5-46A5-B8E9-31D132A099D6}
		{6144303A-7153-4938-8AB5-02BB0CF8F2A4} = {D64FED88-8FF5-46A5-B8E9-31D132A099D6}
		{51C6EC47-98AB-49D1-B4CB-B48665D1725E} = {D64FED88-8FF5-46A5-B8E9-31D132A099D6}
		{B4F9C525-5C56-440E-B4C2-972A33D7C8CD} = {77C0EB4D-486D-48EC-9EB9-8554E7E79008}
		{2715D6F7-4CC5-4C96-A312-80F439E6C252} = {62145FBD-8A8B-4EBE-A063-FC1CBA5847B0}
	EndGlobalSection
EndGlobal
